
Microsoft Visual Studio Solution File, Format Version 12.00
Project("{FAE04EC0-301F-11D3-BF4B-00C04F79EFBC}") = "app1", "app1\app1.csproj", "{4EE7F8F6-0BAA-450C-9524-59E1A6CC58A7}"
EndProject
Project("{FAE04EC0-301F-11D3-BF4B-00C04F79EFBC}") = "app2", "app2\app2.csproj", "{DFAB79CE-5B86-4831-8582-79754FE1F967}"
EndProject
Project("{FAE04EC0-301F-11D3-BF4B-00C04F79EFBC}") = "tests", "tests\tests.csproj", "{C30375D5-4FE2-489A-A9E3-248CD96152E0}"
EndProject
Global
	GlobalSection(SolutionConfigurationPlatforms) = preSolution
		Debug|Any CPU = Debug|Any CPU
		Release|Any CPU = Release|Any CPU
	EndGlobalSection
	GlobalSection(ProjectConfigurationPlatforms) = postSolution
		{4EE7F8F6-0BAA-450C-9524-59E1A6CC58A7}.Debug|Any CPU.ActiveCfg = Debug|Any CPU
		{4EE7F8F6-0BAA-450C-9524-59E1A6CC58A7}.Debug|Any CPU.Build.0 = Debug|Any CPU
		{4EE7F8F6-0BAA-450C-9524-59E1A6CC58A7}.Release|Any CPU.ActiveCfg = Release|Any CPU
		{4EE7F8F6-0BAA-450C-9524-59E1A6CC58A7}.Release|Any CPU.Build.0 = Release|Any CPU
		{DFAB79CE-5B86-4831-8582-79754FE1F967}.Debug|Any CPU.ActiveCfg = Debug|Any CPU
		{DFAB79CE-5B86-4831-8582-79754FE1F967}.Debug|Any CPU.Build.0 = Debug|Any CPU
		{DFAB79CE-5B86-4831-8582-79754FE1F967}.Release|Any CPU.ActiveCfg = Release|Any CPU
		{DFAB79CE-5B86-4831-8582-79754FE1F967}.Release|Any CPU.Build.0 = Release|Any CPU
		{C30375D5-4FE2-489A-A9E3-248CD96152E0}.Debug|Any CPU.ActiveCfg = Debug|Any CPU
		{C30375D5-4FE2-489A-A9E3-248CD96152E0}.Debug|Any CPU.Build.0 = Debug|Any CPU
		{C30375D5-4FE2-489A-A9E3-248CD96152E0}.Release|Any CPU.ActiveCfg = Release|Any CPU
		{C30375D5-4FE2-489A-A9E3-248CD96152E0}.Release|Any CPU.Build.0 = Release|Any CPU
	EndGlobalSection
EndGlobal
